
Microsoft Visual Studio Solution File, Format Version 12.00
# Visual Studio 2012
Project("{FAE04EC0-301F-11D3-BF4B-00C04F79EFBC}") = "Beejuweld", "Beejuweld\Beejuweld.csproj", "{1E8E76BA-5C90-4BF9-AB07-9528886EAFF1}"
EndProject
Global
	GlobalSection(SolutionConfigurationPlatforms) = preSolution
		Debug|Any CPU = Debug|Any CPU
		Release|Any CPU = Release|Any CPU
	EndGlobalSection
	GlobalSection(ProjectConfigurationPlatforms) = postSolution
		{1E8E76BA-5C90-4BF9-AB07-9528886EAFF1}.Debug|Any CPU.ActiveCfg = Debug|Any CPU
		{1E8E76BA-5C90-4BF9-AB07-9528886EAFF1}.Debug|Any CPU.Build.0 = Debug|Any CPU
		{1E8E76BA-5C90-4BF9-AB07-9528886EAFF1}.Release|Any CPU.ActiveCfg = Release|Any CPU
		{1E8E76BA-5C90-4BF9-AB07-9528886EAFF1}.Release|Any CPU.Build.0 = Release|Any CPU
	EndGlobalSection
	GlobalSection(SolutionProperties) = preSolution
		HideSolutionNode = FALSE
	EndGlobalSection
EndGlobal
